
Microsoft Visual Studio Solution File, Format Version 12.00
# Visual Studio Version 17
VisualStudioVersion = 17.10.34916.146
MinimumVisualStudioVersion = 10.0.40219.1
Project("{9A19103F-16F7-4668-BE54-9A1E7A4F7556}") = "WorldBackup CLI+", "WorldBackup CLI+.csproj", "{C1584E0D-966F-40CC-B006-AFFF0F73C0C3}"
EndProject
Project("{D954291E-2A0B-460D-934E-DC6B0785DB48}") = "WorldBackup SharedProject Yosemite", "WorldBackup SharedProject\WorldBackup SharedProject Yosemite.shproj", "{3228C9FC-B1BD-4674-AFFD-525746C9B529}"
EndProject
Global
	GlobalSection(SolutionConfigurationPlatforms) = preSolution
		Debug|Any CPU = Debug|Any CPU
		Release|Any CPU = Release|Any CPU
	EndGlobalSection
	GlobalSection(ProjectConfigurationPlatforms) = postSolution
		{C1584E0D-966F-40CC-B006-AFFF0F73C0C3}.Debug|Any CPU.ActiveCfg = Debug|Any CPU
		{C1584E0D-966F-40CC-B006-AFFF0F73C0C3}.Debug|Any CPU.Build.0 = Debug|Any CPU
		{C1584E0D-966F-40CC-B006-AFFF0F73C0C3}.Release|Any CPU.ActiveCfg = Release|Any CPU
		{C1584E0D-966F-40CC-B006-AFFF0F73C0C3}.Release|Any CPU.Build.0 = Release|Any CPU
	EndGlobalSection
	GlobalSection(SolutionProperties) = preSolution
		HideSolutionNode = FALSE
	EndGlobalSection
	GlobalSection(ExtensibilityGlobals) = postSolution
		SolutionGuid = {0799391D-F158-49B2-AE7F-3189113B1ADB}
	EndGlobalSection
	GlobalSection(SharedMSBuildProjectFiles) = preSolution
		WorldBackup SharedProject\WorldBackup SharedProject.projitems*{3228c9fc-b1bd-4674-affd-525746c9b529}*SharedItemsImports = 13
		WorldBackup SharedProject\WorldBackup SharedProject.projitems*{c1584e0d-966f-40cc-b006-afff0f73c0c3}*SharedItemsImports = 5
	EndGlobalSection
EndGlobal
